
Microsoft Visual Studio Solution File, Format Version 12.00
# Visual Studio Version 17
VisualStudioVersion = 17.0.31912.275
MinimumVisualStudioVersion = 10.0.40219.1
Project("{9A19103F-16F7-4668-BE54-9A1E7A4F7556}") = "BAI_02", "BAI_02\BAI_02.csproj", "{83B0A85D-53E4-45C4-9C2D-AF464F0B52AD}"
EndProject
Project("{FAE04EC0-301F-11D3-BF4B-00C04F79EFBC}") = "BAI_01", "BAI_01\BAI_01.csproj", "{0883F70C-203F-4BCD-AAC1-7BEC3CF2EAD5}"
EndProject
Global
	GlobalSection(SolutionConfigurationPlatforms) = preSolution
		Debug|Any CPU = Debug|Any CPU
		Release|Any CPU = Release|Any CPU
	EndGlobalSection
	GlobalSection(ProjectConfigurationPlatforms) = postSolution
		{83B0A85D-53E4-45C4-9C2D-AF464F0B52AD}.Debug|Any CPU.ActiveCfg = Debug|Any CPU
		{83B0A85D-53E4-45C4-9C2D-AF464F0B52AD}.Debug|Any CPU.Build.0 = Debug|Any CPU
		{83B0A85D-53E4-45C4-9C2D-AF464F0B52AD}.Release|Any CPU.ActiveCfg = Release|Any CPU
		{83B0A85D-53E4-45C4-9C2D-AF464F0B52AD}.Release|Any CPU.Build.0 = Release|Any CPU
		{0883F70C-203F-4BCD-AAC1-7BEC3CF2EAD5}.Debug|Any CPU.ActiveCfg = Debug|Any CPU
		{0883F70C-203F-4BCD-AAC1-7BEC3CF2EAD5}.Debug|Any CPU.Build.0 = Debug|Any CPU
		{0883F70C-203F-4BCD-AAC1-7BEC3CF2EAD5}.Release|Any CPU.ActiveCfg = Release|Any CPU
		{0883F70C-203F-4BCD-AAC1-7BEC3CF2EAD5}.Release|Any CPU.Build.0 = Release|Any CPU
	EndGlobalSection
	GlobalSection(SolutionProperties) = preSolution
		HideSolutionNode = FALSE
	EndGlobalSection
	GlobalSection(ExtensibilityGlobals) = postSolution
		SolutionGuid = {EB3B429F-BB09-480C-8A0A-2666C1443724}
	EndGlobalSection
EndGlobal
